// !$*UTF8*$!
{
	archiveVersion = 1;
	classes = {
	};
	objectVersion = 77;
	objects = {

/* Begin PBXBuildFile section */
		564038A42CF85EFF0058731C /* AuthManager.swift in Sources */ = {isa = PBXBuildFile; fileRef = 564038A32CF85EFA0058731C /* AuthManager.swift */; };
		564038A62CF860D10058731C /* FirestoreManager.swift in Sources */ = {isa = PBXBuildFile; fileRef = 564038A52CF860C80058731C /* FirestoreManager.swift */; };
		564038A82CF873100058731C /* UserData.swift in Sources */ = {isa = PBXBuildFile; fileRef = 564038A72CF873030058731C /* UserData.swift */; };
		564038B92CFB28390058731C /* Enums.swift in Sources */ = {isa = PBXBuildFile; fileRef = 564038B82CFB28360058731C /* Enums.swift */; };
		564038BB2CFB296F0058731C /* AuthUserView.swift in Sources */ = {isa = PBXBuildFile; fileRef = 564038BA2CFB296F0058731C /* AuthUserView.swift */; };
		564038BD2CFB2C7E0058731C /* ResetPasswordView.swift in Sources */ = {isa = PBXBuildFile; fileRef = 564038BC2CFB2C7E0058731C /* ResetPasswordView.swift */; };
		569F56D52CEECB6B004679E9 /* ContentView.swift in Sources */ = {isa = PBXBuildFile; fileRef = 569F56D22CEECB6B004679E9 /* ContentView.swift */; };
		569F56D62CEECB6B004679E9 /* StudentStreeDetectionApp.swift in Sources */ = {isa = PBXBuildFile; fileRef = 569F56D32CEECB6B004679E9 /* StudentStreeDetectionApp.swift */; };
		569F56D72CEECB6B004679E9 /* Preview Assets.xcassets in Resources */ = {isa = PBXBuildFile; fileRef = 569F56CF2CEECB6B004679E9 /* Preview Assets.xcassets */; };
		569F56D82CEECB6B004679E9 /* Assets.xcassets in Resources */ = {isa = PBXBuildFile; fileRef = 569F56D12CEECB6B004679E9 /* Assets.xcassets */; };
		569F56DD2CEED552004679E9 /* HomeView.swift in Sources */ = {isa = PBXBuildFile; fileRef = 569F56DC2CEED552004679E9 /* HomeView.swift */; };
		569F56E02CEED743004679E9 /* CustomTextField.swift in Sources */ = {isa = PBXBuildFile; fileRef = 569F56DF2CEED743004679E9 /* CustomTextField.swift */; };
		569F56E22CEF35FC004679E9 /* CustomButtons.swift in Sources */ = {isa = PBXBuildFile; fileRef = 569F56E12CEF35FC004679E9 /* CustomButtons.swift */; };
		569F56E52CEF3654004679E9 /* Constants.swift in Sources */ = {isa = PBXBuildFile; fileRef = 569F56E42CEF3654004679E9 /* Constants.swift */; };
		569F56E72CEFAF20004679E9 /* FeelingView.swift in Sources */ = {isa = PBXBuildFile; fileRef = 569F56E62CEFAF20004679E9 /* FeelingView.swift */; };
		569F57082CF099C4004679E9 /* FirebaseAuth in Frameworks */ = {isa = PBXBuildFile; productRef = 569F57072CF099C4004679E9 /* FirebaseAuth */; };
		569F570A2CF099C4004679E9 /* FirebaseCore in Frameworks */ = {isa = PBXBuildFile; productRef = 569F57092CF099C4004679E9 /* FirebaseCore */; };
		569F570C2CF099C4004679E9 /* FirebaseFirestore in Frameworks */ = {isa = PBXBuildFile; productRef = 569F570B2CF099C4004679E9 /* FirebaseFirestore */; };
		569F570F2CF099DB004679E9 /* GoogleSignIn in Frameworks */ = {isa = PBXBuildFile; productRef = 569F570E2CF099DB004679E9 /* GoogleSignIn */; };
		569F57112CF099DB004679E9 /* GoogleSignInSwift in Frameworks */ = {isa = PBXBuildFile; productRef = 569F57102CF099DB004679E9 /* GoogleSignInSwift */; };
		569F57132CF09E16004679E9 /* AppGlobalData.swift in Sources */ = {isa = PBXBuildFile; fileRef = 569F57122CF09E10004679E9 /* AppGlobalData.swift */; };
		569F57152CF0A015004679E9 /* Utils.swift in Sources */ = {isa = PBXBuildFile; fileRef = 569F57142CF0A00E004679E9 /* Utils.swift */; };
		569F57172CF0ACAC004679E9 /* SettingsView.swift in Sources */ = {isa = PBXBuildFile; fileRef = 569F57162CF0ACAC004679E9 /* SettingsView.swift */; };
		569F571A2CF0AE8D004679E9 /* Date+Ex.swift in Sources */ = {isa = PBXBuildFile; fileRef = 569F57192CF0AE88004679E9 /* Date+Ex.swift */; };
		569F571C2CF0C0CF004679E9 /* MainTabContentView.swift in Sources */ = {isa = PBXBuildFile; fileRef = 569F571B2CF0C0CF004679E9 /* MainTabContentView.swift */; };
		569F571E2CF0C0F0004679E9 /* StatisticsView.swift in Sources */ = {isa = PBXBuildFile; fileRef = 569F571D2CF0C0F0004679E9 /* StatisticsView.swift */; };
		569F57202CF0C473004679E9 /* GoogleService-Info.plist in Resources */ = {isa = PBXBuildFile; fileRef = 569F571F2CF0C473004679E9 /* GoogleService-Info.plist */; };
		6A16CB742CF84BEA00880E44 /* UserModel.swift in Sources */ = {isa = PBXBuildFile; fileRef = 6A16CB732CF84BEA00880E44 /* UserModel.swift */; };
		6A16CB762CF8567E00880E44 /* Color+Ex.swift in Sources */ = {isa = PBXBuildFile; fileRef = 6A16CB752CF8567700880E44 /* Color+Ex.swift */; };
		6A5310AD2CF8A37A00D325CF /* LoadingView.swift in Sources */ = {isa = PBXBuildFile; fileRef = 6A5310AC2CF8A37A00D325CF /* LoadingView.swift */; };
		6ADE2DDB2CFA06CE00AEBE41 /* PasswordField.swift in Sources */ = {isa = PBXBuildFile; fileRef = 6ADE2DDA2CFA06CE00AEBE41 /* PasswordField.swift */; };
/* End PBXBuildFile section */

/* Begin PBXFileReference section */
		564038A32CF85EFA0058731C /* AuthManager.swift */ = {isa = PBXFileReference; lastKnownFileType = sourcecode.swift; path = AuthManager.swift; sourceTree = "<group>"; };
		564038A52CF860C80058731C /* FirestoreManager.swift */ = {isa = PBXFileReference; lastKnownFileType = sourcecode.swift; path = FirestoreManager.swift; sourceTree = "<group>"; };
		564038A72CF873030058731C /* UserData.swift */ = {isa = PBXFileReference; lastKnownFileType = sourcecode.swift; path = UserData.swift; sourceTree = "<group>"; };
		564038B82CFB28360058731C /* Enums.swift */ = {isa = PBXFileReference; lastKnownFileType = sourcecode.swift; path = Enums.swift; sourceTree = "<group>"; };
		564038BA2CFB296F0058731C /* AuthUserView.swift */ = {isa = PBXFileReference; lastKnownFileType = sourcecode.swift; path = AuthUserView.swift; sourceTree = "<group>"; };
		564038BC2CFB2C7E0058731C /* ResetPasswordView.swift */ = {isa = PBXFileReference; lastKnownFileType = sourcecode.swift; path = ResetPasswordView.swift; sourceTree = "<group>"; };
		569F56BE2CEECB3D004679E9 /* StudentStreeDetection.app */ = {isa = PBXFileReference; explicitFileType = wrapper.application; includeInIndex = 0; path = StudentStreeDetection.app; sourceTree = BUILT_PRODUCTS_DIR; };
		569F56CF2CEECB6B004679E9 /* Preview Assets.xcassets */ = {isa = PBXFileReference; lastKnownFileType = folder.assetcatalog; path = "Preview Assets.xcassets"; sourceTree = "<group>"; };
		569F56D12CEECB6B004679E9 /* Assets.xcassets */ = {isa = PBXFileReference; lastKnownFileType = folder.assetcatalog; path = Assets.xcassets; sourceTree = "<group>"; };
		569F56D22CEECB6B004679E9 /* ContentView.swift */ = {isa = PBXFileReference; lastKnownFileType = sourcecode.swift; path = ContentView.swift; sourceTree = "<group>"; };
		569F56D32CEECB6B004679E9 /* StudentStreeDetectionApp.swift */ = {isa = PBXFileReference; lastKnownFileType = sourcecode.swift; path = StudentStreeDetectionApp.swift; sourceTree = "<group>"; };
		569F56DC2CEED552004679E9 /* HomeView.swift */ = {isa = PBXFileReference; lastKnownFileType = sourcecode.swift; path = HomeView.swift; sourceTree = "<group>"; };
		569F56DF2CEED743004679E9 /* CustomTextField.swift */ = {isa = PBXFileReference; lastKnownFileType = sourcecode.swift; path = CustomTextField.swift; sourceTree = "<group>"; };
		569F56E12CEF35FC004679E9 /* CustomButtons.swift */ = {isa = PBXFileReference; lastKnownFileType = sourcecode.swift; path = CustomButtons.swift; sourceTree = "<group>"; };
		569F56E42CEF3654004679E9 /* Constants.swift */ = {isa = PBXFileReference; lastKnownFileType = sourcecode.swift; path = Constants.swift; sourceTree = "<group>"; };
		569F56E62CEFAF20004679E9 /* FeelingView.swift */ = {isa = PBXFileReference; lastKnownFileType = sourcecode.swift; path = FeelingView.swift; sourceTree = "<group>"; };
		569F57122CF09E10004679E9 /* AppGlobalData.swift */ = {isa = PBXFileReference; lastKnownFileType = sourcecode.swift; path = AppGlobalData.swift; sourceTree = "<group>"; };
		569F57142CF0A00E004679E9 /* Utils.swift */ = {isa = PBXFileReference; lastKnownFileType = sourcecode.swift; path = Utils.swift; sourceTree = "<group>"; };
		569F57162CF0ACAC004679E9 /* SettingsView.swift */ = {isa = PBXFileReference; lastKnownFileType = sourcecode.swift; path = SettingsView.swift; sourceTree = "<group>"; };
		569F57192CF0AE88004679E9 /* Date+Ex.swift */ = {isa = PBXFileReference; lastKnownFileType = sourcecode.swift; path = "Date+Ex.swift"; sourceTree = "<group>"; };
		569F571B2CF0C0CF004679E9 /* MainTabContentView.swift */ = {isa = PBXFileReference; lastKnownFileType = sourcecode.swift; path = MainTabContentView.swift; sourceTree = "<group>"; };
		569F571D2CF0C0F0004679E9 /* StatisticsView.swift */ = {isa = PBXFileReference; lastKnownFileType = sourcecode.swift; path = StatisticsView.swift; sourceTree = "<group>"; };
		569F571F2CF0C473004679E9 /* GoogleService-Info.plist */ = {isa = PBXFileReference; lastKnownFileType = text.plist.xml; path = "GoogleService-Info.plist"; sourceTree = "<group>"; };
		6A16CB732CF84BEA00880E44 /* UserModel.swift */ = {isa = PBXFileReference; lastKnownFileType = sourcecode.swift; path = UserModel.swift; sourceTree = "<group>"; };
		6A16CB752CF8567700880E44 /* Color+Ex.swift */ = {isa = PBXFileReference; lastKnownFileType = sourcecode.swift; path = "Color+Ex.swift"; sourceTree = "<group>"; };
		6A5310AC2CF8A37A00D325CF /* LoadingView.swift */ = {isa = PBXFileReference; lastKnownFileType = sourcecode.swift; path = LoadingView.swift; sourceTree = "<group>"; };
		6A5310AE2CF8AA4300D325CF /* StudentStreeDetection.entitlements */ = {isa = PBXFileReference; lastKnownFileType = text.plist.entitlements; path = StudentStreeDetection.entitlements; sourceTree = "<group>"; };
		6ADE2DD62CF9F9A400AEBE41 /* Info.plist */ = {isa = PBXFileReference; lastKnownFileType = text.plist; path = Info.plist; sourceTree = "<group>"; };
		6ADE2DDA2CFA06CE00AEBE41 /* PasswordField.swift */ = {isa = PBXFileReference; lastKnownFileType = sourcecode.swift; path = PasswordField.swift; sourceTree = "<group>"; };
/* End PBXFileReference section */

/* Begin PBXFrameworksBuildPhase section */
		569F56BB2CEECB3D004679E9 /* Frameworks */ = {
			isa = PBXFrameworksBuildPhase;
			buildActionMask = 2147483647;
			files = (
				569F57112CF099DB004679E9 /* GoogleSignInSwift in Frameworks */,
				569F570A2CF099C4004679E9 /* FirebaseCore in Frameworks */,
				569F570F2CF099DB004679E9 /* GoogleSignIn in Frameworks */,
				569F57082CF099C4004679E9 /* FirebaseAuth in Frameworks */,
				569F570C2CF099C4004679E9 /* FirebaseFirestore in Frameworks */,
			);
			runOnlyForDeploymentPostprocessing = 0;
		};
/* End PBXFrameworksBuildPhase section */

/* Begin PBXGroup section */
		564038A22CF85EEC0058731C /* view-model */ = {
			isa = PBXGroup;
			children = (
				564038A52CF860C80058731C /* FirestoreManager.swift */,
				564038A32CF85EFA0058731C /* AuthManager.swift */,
			);
			path = "view-model";
			sourceTree = "<group>";
		};
		564038BE2CFB491D0058731C /* 2_main */ = {
			isa = PBXGroup;
			children = (
				569F571B2CF0C0CF004679E9 /* MainTabContentView.swift */,
				569F56DC2CEED552004679E9 /* HomeView.swift */,
				569F571D2CF0C0F0004679E9 /* StatisticsView.swift */,
				569F57162CF0ACAC004679E9 /* SettingsView.swift */,
				569F56E62CEFAF20004679E9 /* FeelingView.swift */,
			);
			path = 2_main;
			sourceTree = "<group>";
		};
		569F56B52CEECB3D004679E9 = {
			isa = PBXGroup;
			children = (
				569F56D42CEECB6B004679E9 /* StudentStreeDetection */,
				569F56BF2CEECB3D004679E9 /* Products */,
			);
			sourceTree = "<group>";
		};
		569F56BF2CEECB3D004679E9 /* Products */ = {
			isa = PBXGroup;
			children = (
				569F56BE2CEECB3D004679E9 /* StudentStreeDetection.app */,
			);
			name = Products;
			sourceTree = "<group>";
		};
		569F56D02CEECB6B004679E9 /* Preview Content */ = {
			isa = PBXGroup;
			children = (
				569F56CF2CEECB6B004679E9 /* Preview Assets.xcassets */,
			);
			path = "Preview Content";
			sourceTree = "<group>";
		};
		569F56D42CEECB6B004679E9 /* StudentStreeDetection */ = {
			isa = PBXGroup;
			children = (
				6ADE2DD62CF9F9A400AEBE41 /* Info.plist */,
				6A5310AE2CF8AA4300D325CF /* StudentStreeDetection.entitlements */,
				564038A22CF85EEC0058731C /* view-model */,
				6A16CB722CF84BCE00880E44 /* model */,
				569F57182CF0AE7E004679E9 /* extensions */,
				569F56E32CEF363D004679E9 /* utils */,
				569F56DE2CEED72F004679E9 /* supporting views */,
				569F56DA2CEECB86004679E9 /* view */,
				569F56D02CEECB6B004679E9 /* Preview Content */,
				569F56D12CEECB6B004679E9 /* Assets.xcassets */,
				569F56D32CEECB6B004679E9 /* StudentStreeDetectionApp.swift */,
				569F571F2CF0C473004679E9 /* GoogleService-Info.plist */,
			);
			path = StudentStreeDetection;
			sourceTree = "<group>";
		};
		569F56DA2CEECB86004679E9 /* view */ = {
			isa = PBXGroup;
			children = (
				564038BE2CFB491D0058731C /* 2_main */,
				6ADE2DD72CF9FF2A00AEBE41 /* 1_auth */,
			);
			path = view;
			sourceTree = "<group>";
		};
		569F56DE2CEED72F004679E9 /* supporting views */ = {
			isa = PBXGroup;
			children = (
				569F56DF2CEED743004679E9 /* CustomTextField.swift */,
				569F56E12CEF35FC004679E9 /* CustomButtons.swift */,
				6A5310AC2CF8A37A00D325CF /* LoadingView.swift */,
				6ADE2DDA2CFA06CE00AEBE41 /* PasswordField.swift */,
			);
			path = "supporting views";
			sourceTree = "<group>";
		};
		569F56E32CEF363D004679E9 /* utils */ = {
			isa = PBXGroup;
			children = (
				564038B82CFB28360058731C /* Enums.swift */,
				564038A72CF873030058731C /* UserData.swift */,
				569F57142CF0A00E004679E9 /* Utils.swift */,
				569F57122CF09E10004679E9 /* AppGlobalData.swift */,
				569F56E42CEF3654004679E9 /* Constants.swift */,
			);
			path = utils;
			sourceTree = "<group>";
		};
		569F57182CF0AE7E004679E9 /* extensions */ = {
			isa = PBXGroup;
			children = (
				6A16CB752CF8567700880E44 /* Color+Ex.swift */,
				569F57192CF0AE88004679E9 /* Date+Ex.swift */,
			);
			path = extensions;
			sourceTree = "<group>";
		};
		6A16CB722CF84BCE00880E44 /* model */ = {
			isa = PBXGroup;
			children = (
				6A16CB732CF84BEA00880E44 /* UserModel.swift */,
			);
			path = model;
			sourceTree = "<group>";
		};
		6ADE2DD72CF9FF2A00AEBE41 /* 1_auth */ = {
			isa = PBXGroup;
			children = (
				569F56D22CEECB6B004679E9 /* ContentView.swift */,
				564038BA2CFB296F0058731C /* AuthUserView.swift */,
				564038BC2CFB2C7E0058731C /* ResetPasswordView.swift */,
			);
			path = 1_auth;
			sourceTree = "<group>";
		};
/* End PBXGroup section */

/* Begin PBXNativeTarget section */
		569F56BD2CEECB3D004679E9 /* StudentStreeDetection */ = {
			isa = PBXNativeTarget;
			buildConfigurationList = 569F56CC2CEECB3E004679E9 /* Build configuration list for PBXNativeTarget "StudentStreeDetection" */;
			buildPhases = (
				569F56BA2CEECB3D004679E9 /* Sources */,
				569F56BB2CEECB3D004679E9 /* Frameworks */,
				569F56BC2CEECB3D004679E9 /* Resources */,
			);
			buildRules = (
			);
			dependencies = (
			);
			name = StudentStreeDetection;
			packageProductDependencies = (
				569F57072CF099C4004679E9 /* FirebaseAuth */,
				569F57092CF099C4004679E9 /* FirebaseCore */,
				569F570B2CF099C4004679E9 /* FirebaseFirestore */,
				569F570E2CF099DB004679E9 /* GoogleSignIn */,
				569F57102CF099DB004679E9 /* GoogleSignInSwift */,
			);
			productName = StudentStreeDetection;
			productReference = 569F56BE2CEECB3D004679E9 /* StudentStreeDetection.app */;
			productType = "com.apple.product-type.application";
		};
/* End PBXNativeTarget section */

/* Begin PBXProject section */
		569F56B62CEECB3D004679E9 /* Project object */ = {
			isa = PBXProject;
			attributes = {
				BuildIndependentTargetsInParallel = 1;
				LastSwiftUpdateCheck = 1600;
				LastUpgradeCheck = 1600;
				TargetAttributes = {
					569F56BD2CEECB3D004679E9 = {
						CreatedOnToolsVersion = 16.0;
					};
				};
			};
			buildConfigurationList = 569F56B92CEECB3D004679E9 /* Build configuration list for PBXProject "StudentStreeDetection" */;
			developmentRegion = en;
			hasScannedForEncodings = 0;
			knownRegions = (
				en,
				Base,
			);
			mainGroup = 569F56B52CEECB3D004679E9;
			minimizedProjectReferenceProxies = 1;
			packageReferences = (
				569F57062CF099C4004679E9 /* XCRemoteSwiftPackageReference "firebase-ios-sdk" */,
				569F570D2CF099DB004679E9 /* XCRemoteSwiftPackageReference "GoogleSignIn-iOS" */,
			);
			preferredProjectObjectVersion = 77;
			productRefGroup = 569F56BF2CEECB3D004679E9 /* Products */;
			projectDirPath = "";
			projectRoot = "";
			targets = (
				569F56BD2CEECB3D004679E9 /* StudentStreeDetection */,
			);
		};
/* End PBXProject section */

/* Begin PBXResourcesBuildPhase section */
		569F56BC2CEECB3D004679E9 /* Resources */ = {
			isa = PBXResourcesBuildPhase;
			buildActionMask = 2147483647;
			files = (
				569F56D72CEECB6B004679E9 /* Preview Assets.xcassets in Resources */,
				569F56D82CEECB6B004679E9 /* Assets.xcassets in Resources */,
				569F57202CF0C473004679E9 /* GoogleService-Info.plist in Resources */,
			);
			runOnlyForDeploymentPostprocessing = 0;
		};
/* End PBXResourcesBuildPhase section */

/* Begin PBXSourcesBuildPhase section */
		569F56BA2CEECB3D004679E9 /* Sources */ = {
			isa = PBXSourcesBuildPhase;
			buildActionMask = 2147483647;
			files = (
				569F56E02CEED743004679E9 /* CustomTextField.swift in Sources */,
				569F56DD2CEED552004679E9 /* HomeView.swift in Sources */,
				569F56D52CEECB6B004679E9 /* ContentView.swift in Sources */,
				569F571E2CF0C0F0004679E9 /* StatisticsView.swift in Sources */,
				6A16CB762CF8567E00880E44 /* Color+Ex.swift in Sources */,
				569F57132CF09E16004679E9 /* AppGlobalData.swift in Sources */,
				569F56D62CEECB6B004679E9 /* StudentStreeDetectionApp.swift in Sources */,
				564038A62CF860D10058731C /* FirestoreManager.swift in Sources */,
				564038A42CF85EFF0058731C /* AuthManager.swift in Sources */,
				564038B92CFB28390058731C /* Enums.swift in Sources */,
				569F57152CF0A015004679E9 /* Utils.swift in Sources */,
				569F571A2CF0AE8D004679E9 /* Date+Ex.swift in Sources */,
				569F56E22CEF35FC004679E9 /* CustomButtons.swift in Sources */,
				6A5310AD2CF8A37A00D325CF /* LoadingView.swift in Sources */,
				569F56E72CEFAF20004679E9 /* FeelingView.swift in Sources */,
				564038BB2CFB296F0058731C /* AuthUserView.swift in Sources */,
				569F56E52CEF3654004679E9 /* Constants.swift in Sources */,
				6ADE2DDB2CFA06CE00AEBE41 /* PasswordField.swift in Sources */,
				564038A82CF873100058731C /* UserData.swift in Sources */,
				569F57172CF0ACAC004679E9 /* SettingsView.swift in Sources */,
				564038BD2CFB2C7E0058731C /* ResetPasswordView.swift in Sources */,
				6A16CB742CF84BEA00880E44 /* UserModel.swift in Sources */,
				569F571C2CF0C0CF004679E9 /* MainTabContentView.swift in Sources */,
			);
			runOnlyForDeploymentPostprocessing = 0;
		};
/* End PBXSourcesBuildPhase section */

/* Begin XCBuildConfiguration section */
		569F56CA2CEECB3E004679E9 /* Debug */ = {
			isa = XCBuildConfiguration;
			buildSettings = {
				ALWAYS_SEARCH_USER_PATHS = NO;
				ASSETCATALOG_COMPILER_GENERATE_SWIFT_ASSET_SYMBOL_EXTENSIONS = YES;
				CLANG_ANALYZER_NONNULL = YES;
				CLANG_ANALYZER_NUMBER_OBJECT_CONVERSION = YES_AGGRESSIVE;
				CLANG_CXX_LANGUAGE_STANDARD = "gnu++20";
				CLANG_ENABLE_MODULES = YES;
				CLANG_ENABLE_OBJC_ARC = YES;
				CLANG_ENABLE_OBJC_WEAK = YES;
				CLANG_WARN_BLOCK_CAPTURE_AUTORELEASING = YES;
				CLANG_WARN_BOOL_CONVERSION = YES;
				CLANG_WARN_COMMA = YES;
				CLANG_WARN_CONSTANT_CONVERSION = YES;
				CLANG_WARN_DEPRECATED_OBJC_IMPLEMENTATIONS = YES;
				CLANG_WARN_DIRECT_OBJC_ISA_USAGE = YES_ERROR;
				CLANG_WARN_DOCUMENTATION_COMMENTS = YES;
				CLANG_WARN_EMPTY_BODY = YES;
				CLANG_WARN_ENUM_CONVERSION = YES;
				CLANG_WARN_INFINITE_RECURSION = YES;
				CLANG_WARN_INT_CONVERSION = YES;
				CLANG_WARN_NON_LITERAL_NULL_CONVERSION = YES;
				CLANG_WARN_OBJC_IMPLICIT_RETAIN_SELF = YES;
				CLANG_WARN_OBJC_LITERAL_CONVERSION = YES;
				CLANG_WARN_OBJC_ROOT_CLASS = YES_ERROR;
				CLANG_WARN_QUOTED_INCLUDE_IN_FRAMEWORK_HEADER = YES;
				CLANG_WARN_RANGE_LOOP_ANALYSIS = YES;
				CLANG_WARN_STRICT_PROTOTYPES = YES;
				CLANG_WARN_SUSPICIOUS_MOVE = YES;
				CLANG_WARN_UNGUARDED_AVAILABILITY = YES_AGGRESSIVE;
				CLANG_WARN_UNREACHABLE_CODE = YES;
				CLANG_WARN__DUPLICATE_METHOD_MATCH = YES;
				COPY_PHASE_STRIP = NO;
				DEBUG_INFORMATION_FORMAT = dwarf;
				ENABLE_STRICT_OBJC_MSGSEND = YES;
				ENABLE_TESTABILITY = YES;
				ENABLE_USER_SCRIPT_SANDBOXING = YES;
				GCC_C_LANGUAGE_STANDARD = gnu17;
				GCC_DYNAMIC_NO_PIC = NO;
				GCC_NO_COMMON_BLOCKS = YES;
				GCC_OPTIMIZATION_LEVEL = 0;
				GCC_PREPROCESSOR_DEFINITIONS = (
					"DEBUG=1",
					"$(inherited)",
				);
				GCC_WARN_64_TO_32_BIT_CONVERSION = YES;
				GCC_WARN_ABOUT_RETURN_TYPE = YES_ERROR;
				GCC_WARN_UNDECLARED_SELECTOR = YES;
				GCC_WARN_UNINITIALIZED_AUTOS = YES_AGGRESSIVE;
				GCC_WARN_UNUSED_FUNCTION = YES;
				GCC_WARN_UNUSED_VARIABLE = YES;
				IPHONEOS_DEPLOYMENT_TARGET = 18.0;
				LOCALIZATION_PREFERS_STRING_CATALOGS = YES;
				MTL_ENABLE_DEBUG_INFO = INCLUDE_SOURCE;
				MTL_FAST_MATH = YES;
				ONLY_ACTIVE_ARCH = YES;
				SDKROOT = iphoneos;
				SWIFT_ACTIVE_COMPILATION_CONDITIONS = "DEBUG $(inherited)";
				SWIFT_OPTIMIZATION_LEVEL = "-Onone";
			};
			name = Debug;
		};
		569F56CB2CEECB3E004679E9 /* Release */ = {
			isa = XCBuildConfiguration;
			buildSettings = {
				ALWAYS_SEARCH_USER_PATHS = NO;
				ASSETCATALOG_COMPILER_GENERATE_SWIFT_ASSET_SYMBOL_EXTENSIONS = YES;
				CLANG_ANALYZER_NONNULL = YES;
				CLANG_ANALYZER_NUMBER_OBJECT_CONVERSION = YES_AGGRESSIVE;
				CLANG_CXX_LANGUAGE_STANDARD = "gnu++20";
				CLANG_ENABLE_MODULES = YES;
				CLANG_ENABLE_OBJC_ARC = YES;
				CLANG_ENABLE_OBJC_WEAK = YES;
				CLANG_WARN_BLOCK_CAPTURE_AUTORELEASING = YES;
				CLANG_WARN_BOOL_CONVERSION = YES;
				CLANG_WARN_COMMA = YES;
				CLANG_WARN_CONSTANT_CONVERSION = YES;
				CLANG_WARN_DEPRECATED_OBJC_IMPLEMENTATIONS = YES;
				CLANG_WARN_DIRECT_OBJC_ISA_USAGE = YES_ERROR;
				CLANG_WARN_DOCUMENTATION_COMMENTS = YES;
				CLANG_WARN_EMPTY_BODY = YES;
				CLANG_WARN_ENUM_CONVERSION = YES;
				CLANG_WARN_INFINITE_RECURSION = YES;
				CLANG_WARN_INT_CONVERSION = YES;
				CLANG_WARN_NON_LITERAL_NULL_CONVERSION = YES;
				CLANG_WARN_OBJC_IMPLICIT_RETAIN_SELF = YES;
				CLANG_WARN_OBJC_LITERAL_CONVERSION = YES;
				CLANG_WARN_OBJC_ROOT_CLASS = YES_ERROR;
				CLANG_WARN_QUOTED_INCLUDE_IN_FRAMEWORK_HEADER = YES;
				CLANG_WARN_RANGE_LOOP_ANALYSIS = YES;
				CLANG_WARN_STRICT_PROTOTYPES = YES;
				CLANG_WARN_SUSPICIOUS_MOVE = YES;
				CLANG_WARN_UNGUARDED_AVAILABILITY = YES_AGGRESSIVE;
				CLANG_WARN_UNREACHABLE_CODE = YES;
				CLANG_WARN__DUPLICATE_METHOD_MATCH = YES;
				COPY_PHASE_STRIP = NO;
				DEBUG_INFORMATION_FORMAT = "dwarf-with-dsym";
				ENABLE_NS_ASSERTIONS = NO;
				ENABLE_STRICT_OBJC_MSGSEND = YES;
				ENABLE_USER_SCRIPT_SANDBOXING = YES;
				GCC_C_LANGUAGE_STANDARD = gnu17;
				GCC_NO_COMMON_BLOCKS = YES;
				GCC_WARN_64_TO_32_BIT_CONVERSION = YES;
				GCC_WARN_ABOUT_RETURN_TYPE = YES_ERROR;
				GCC_WARN_UNDECLARED_SELECTOR = YES;
				GCC_WARN_UNINITIALIZED_AUTOS = YES_AGGRESSIVE;
				GCC_WARN_UNUSED_FUNCTION = YES;
				GCC_WARN_UNUSED_VARIABLE = YES;
				IPHONEOS_DEPLOYMENT_TARGET = 18.0;
				LOCALIZATION_PREFERS_STRING_CATALOGS = YES;
				MTL_ENABLE_DEBUG_INFO = NO;
				MTL_FAST_MATH = YES;
				SDKROOT = iphoneos;
				SWIFT_COMPILATION_MODE = wholemodule;
				VALIDATE_PRODUCT = YES;
			};
			name = Release;
		};
		569F56CD2CEECB3E004679E9 /* Debug */ = {
			isa = XCBuildConfiguration;
			buildSettings = {
				ASSETCATALOG_COMPILER_APPICON_NAME = AppIcon;
				ASSETCATALOG_COMPILER_GLOBAL_ACCENT_COLOR_NAME = AccentColor;
				CODE_SIGN_ENTITLEMENTS = StudentStreeDetection/StudentStreeDetection.entitlements;
				CODE_SIGN_STYLE = Automatic;
				CURRENT_PROJECT_VERSION = 1;
				DEVELOPMENT_ASSET_PATHS = "\"StudentStreeDetection/Preview Content\"";
				DEVELOPMENT_TEAM = UZ43G6A83G;
				ENABLE_PREVIEWS = YES;
				GENERATE_INFOPLIST_FILE = YES;
				INFOPLIST_FILE = StudentStreeDetection/Info.plist;
				INFOPLIST_KEY_CFBundleDisplayName = "Untangle Emotions";
				INFOPLIST_KEY_UIApplicationSceneManifest_Generation = YES;
				INFOPLIST_KEY_UIApplicationSupportsIndirectInputEvents = YES;
				INFOPLIST_KEY_UILaunchScreen_Generation = YES;
				INFOPLIST_KEY_UISupportedInterfaceOrientations = UIInterfaceOrientationPortrait;
				LD_RUNPATH_SEARCH_PATHS = (
					"$(inherited)",
					"@executable_path/Frameworks",
				);
				MARKETING_VERSION = 1.0;
				PRODUCT_BUNDLE_IDENTIFIER = com.app.untangleemotions;
				PRODUCT_NAME = "$(TARGET_NAME)";
				SWIFT_EMIT_LOC_STRINGS = YES;
				SWIFT_VERSION = 5.0;
				TARGETED_DEVICE_FAMILY = "1,2";
			};
			name = Debug;
		};
		569F56CE2CEECB3E004679E9 /* Release */ = {
			isa = XCBuildConfiguration;
			buildSettings = {
				ASSETCATALOG_COMPILER_APPICON_NAME = AppIcon;
				ASSETCATALOG_COMPILER_GLOBAL_ACCENT_COLOR_NAME = AccentColor;
				CODE_SIGN_ENTITLEMENTS = StudentStreeDetection/StudentStreeDetection.entitlements;
				CODE_SIGN_STYLE = Automatic;
				CURRENT_PROJECT_VERSION = 1;
				DEVELOPMENT_ASSET_PATHS = "\"StudentStreeDetection/Preview Content\"";
				DEVELOPMENT_TEAM = UZ43G6A83G;
				ENABLE_PREVIEWS = YES;
				GENERATE_INFOPLIST_FILE = YES;
				INFOPLIST_FILE = StudentStreeDetection/Info.plist;
				INFOPLIST_KEY_CFBundleDisplayName = "Untangle Emotions";
				INFOPLIST_KEY_UIApplicationSceneManifest_Generation = YES;
				INFOPLIST_KEY_UIApplicationSupportsIndirectInputEvents = YES;
				INFOPLIST_KEY_UILaunchScreen_Generation = YES;
				INFOPLIST_KEY_UISupportedInterfaceOrientations = UIInterfaceOrientationPortrait;
				LD_RUNPATH_SEARCH_PATHS = (
					"$(inherited)",
					"@executable_path/Frameworks",
				);
				MARKETING_VERSION = 1.0;
				PRODUCT_BUNDLE_IDENTIFIER = com.app.untangleemotions;
				PRODUCT_NAME = "$(TARGET_NAME)";
				SWIFT_EMIT_LOC_STRINGS = YES;
				SWIFT_VERSION = 5.0;
				TARGETED_DEVICE_FAMILY = "1,2";
			};
			name = Release;
		};
/* End XCBuildConfiguration section */

/* Begin XCConfigurationList section */
		569F56B92CEECB3D004679E9 /* Build configuration list for PBXProject "StudentStreeDetection" */ = {
			isa = XCConfigurationList;
			buildConfigurations = (
				569F56CA2CEECB3E004679E9 /* Debug */,
				569F56CB2CEECB3E004679E9 /* Release */,
			);
			defaultConfigurationIsVisible = 0;
			defaultConfigurationName = Release;
		};
		569F56CC2CEECB3E004679E9 /* Build configuration list for PBXNativeTarget "StudentStreeDetection" */ = {
			isa = XCConfigurationList;
			buildConfigurations = (
				569F56CD2CEECB3E004679E9 /* Debug */,
				569F56CE2CEECB3E004679E9 /* Release */,
			);
			defaultConfigurationIsVisible = 0;
			defaultConfigurationName = Release;
		};
/* End XCConfigurationList section */

/* Begin XCRemoteSwiftPackageReference section */
		569F57062CF099C4004679E9 /* XCRemoteSwiftPackageReference "firebase-ios-sdk" */ = {
			isa = XCRemoteSwiftPackageReference;
			repositoryURL = "https://github.com/firebase/firebase-ios-sdk.git";
			requirement = {
				kind = upToNextMajorVersion;
				minimumVersion = 11.5.0;
			};
		};
		569F570D2CF099DB004679E9 /* XCRemoteSwiftPackageReference "GoogleSignIn-iOS" */ = {
			isa = XCRemoteSwiftPackageReference;
			repositoryURL = "https://github.com/google/GoogleSignIn-iOS";
			requirement = {
				kind = upToNextMajorVersion;
				minimumVersion = 8.0.0;
			};
		};
/* End XCRemoteSwiftPackageReference section */

/* Begin XCSwiftPackageProductDependency section */
		569F57072CF099C4004679E9 /* FirebaseAuth */ = {
			isa = XCSwiftPackageProductDependency;
			package = 569F57062CF099C4004679E9 /* XCRemoteSwiftPackageReference "firebase-ios-sdk" */;
			productName = FirebaseAuth;
		};
		569F57092CF099C4004679E9 /* FirebaseCore */ = {
			isa = XCSwiftPackageProductDependency;
			package = 569F57062CF099C4004679E9 /* XCRemoteSwiftPackageReference "firebase-ios-sdk" */;
			productName = FirebaseCore;
		};
		569F570B2CF099C4004679E9 /* FirebaseFirestore */ = {
			isa = XCSwiftPackageProductDependency;
			package = 569F57062CF099C4004679E9 /* XCRemoteSwiftPackageReference "firebase-ios-sdk" */;
			productName = FirebaseFirestore;
		};
		569F570E2CF099DB004679E9 /* GoogleSignIn */ = {
			isa = XCSwiftPackageProductDependency;
			package = 569F570D2CF099DB004679E9 /* XCRemoteSwiftPackageReference "GoogleSignIn-iOS" */;
			productName = GoogleSignIn;
		};
		569F57102CF099DB004679E9 /* GoogleSignInSwift */ = {
			isa = XCSwiftPackageProductDependency;
			package = 569F570D2CF099DB004679E9 /* XCRemoteSwiftPackageReference "GoogleSignIn-iOS" */;
			productName = GoogleSignInSwift;
		};
/* End XCSwiftPackageProductDependency section */
	};
	rootObject = 569F56B62CEECB3D004679E9 /* Project object */;
}
